
Microsoft Visual Studio Solution File, Format Version 12.00
# Visual Studio Version 16
VisualStudioVersion = 16.0.31424.327
MinimumVisualStudioVersion = 10.0.40219.1
Project("{FAE04EC0-301F-11D3-BF4B-00C04F79EFBC}") = "CongestionApp", "CongestionApp\CongestionApp.csproj", "{EC314CAB-D405-439F-8E8A-F68855362464}"
EndProject
Project("{FAE04EC0-301F-11D3-BF4B-00C04F79EFBC}") = "Contracts", "Contracts\Contracts.csproj", "{91AA3DFD-F69C-41FA-BA1D-8F36E7517254}"
EndProject
Global
	GlobalSection(SolutionConfigurationPlatforms) = preSolution
		Debug|Any CPU = Debug|Any CPU
		Release|Any CPU = Release|Any CPU
	EndGlobalSection
	GlobalSection(ProjectConfigurationPlatforms) = postSolution
		{EC314CAB-D405-439F-8E8A-F68855362464}.Debug|Any CPU.ActiveCfg = Debug|Any CPU
		{EC314CAB-D405-439F-8E8A-F68855362464}.Debug|Any CPU.Build.0 = Debug|Any CPU
		{EC314CAB-D405-439F-8E8A-F68855362464}.Release|Any CPU.ActiveCfg = Release|Any CPU
		{EC314CAB-D405-439F-8E8A-F68855362464}.Release|Any CPU.Build.0 = Release|Any CPU
		{91AA3DFD-F69C-41FA-BA1D-8F36E7517254}.Debug|Any CPU.ActiveCfg = Debug|Any CPU
		{91AA3DFD-F69C-41FA-BA1D-8F36E7517254}.Debug|Any CPU.Build.0 = Debug|Any CPU
		{91AA3DFD-F69C-41FA-BA1D-8F36E7517254}.Release|Any CPU.ActiveCfg = Release|Any CPU
		{91AA3DFD-F69C-41FA-BA1D-8F36E7517254}.Release|Any CPU.Build.0 = Release|Any CPU
	EndGlobalSection
	GlobalSection(SolutionProperties) = preSolution
		HideSolutionNode = FALSE
	EndGlobalSection
	GlobalSection(ExtensibilityGlobals) = postSolution
		SolutionGuid = {DD171100-0F24-4A13-B70E-E5A53B9A8CA3}
	EndGlobalSection
EndGlobal
